
Microsoft Visual Studio Solution File, Format Version 12.00
# Visual Studio Version 17
VisualStudioVersion = 17.5.33530.505
MinimumVisualStudioVersion = 10.0.40219.1
Project("{FAE04EC0-301F-11D3-BF4B-00C04F79EFBC}") = "GetDemo", "GetDemo.csproj", "{6C3F80FA-F4C6-432A-B96A-AD581B24471F}"
EndProject
Global
	GlobalSection(SolutionConfigurationPlatforms) = preSolution
		Debug|Any CPU = Debug|Any CPU
		Release|Any CPU = Release|Any CPU
	EndGlobalSection
	GlobalSection(ProjectConfigurationPlatforms) = postSolution
		{6C3F80FA-F4C6-432A-B96A-AD581B24471F}.Debug|Any CPU.ActiveCfg = Debug|Any CPU
		{6C3F80FA-F4C6-432A-B96A-AD581B24471F}.Debug|Any CPU.Build.0 = Debug|Any CPU
		{6C3F80FA-F4C6-432A-B96A-AD581B24471F}.Release|Any CPU.ActiveCfg = Release|Any CPU
		{6C3F80FA-F4C6-432A-B96A-AD581B24471F}.Release|Any CPU.Build.0 = Release|Any CPU
	EndGlobalSection
	GlobalSection(SolutionProperties) = preSolution
		HideSolutionNode = FALSE
	EndGlobalSection
	GlobalSection(ExtensibilityGlobals) = postSolution
		SolutionGuid = {3ABE3696-43DF-4D6D-A7EF-0D5B6ADA2627}
	EndGlobalSection
EndGlobal
